
Microsoft Visual Studio Solution File, Format Version 12.00
# Visual Studio Version 16
VisualStudioVersion = 16.0.31613.86
MinimumVisualStudioVersion = 10.0.40219.1
Project("{FAE04EC0-301F-11D3-BF4B-00C04F79EFBC}") = "SlimDXDemo", "SlimDXDemo.csproj", "{29889905-5C10-4F90-AD4B-ABF10D76B749}"
EndProject
Global
	GlobalSection(SolutionConfigurationPlatforms) = preSolution
		Debug|Any CPU = Debug|Any CPU
		Release|Any CPU = Release|Any CPU
	EndGlobalSection
	GlobalSection(ProjectConfigurationPlatforms) = postSolution
		{29889905-5C10-4F90-AD4B-ABF10D76B749}.Debug|Any CPU.ActiveCfg = Debug|Any CPU
		{29889905-5C10-4F90-AD4B-ABF10D76B749}.Debug|Any CPU.Build.0 = Debug|Any CPU
		{29889905-5C10-4F90-AD4B-ABF10D76B749}.Release|Any CPU.ActiveCfg = Release|Any CPU
		{29889905-5C10-4F90-AD4B-ABF10D76B749}.Release|Any CPU.Build.0 = Release|Any CPU
	EndGlobalSection
	GlobalSection(SolutionProperties) = preSolution
		HideSolutionNode = FALSE
	EndGlobalSection
	GlobalSection(ExtensibilityGlobals) = postSolution
		SolutionGuid = {2B0D5D2E-8424-45E5-9ED4-94EBFC23AE65}
	EndGlobalSection
EndGlobal
